
Microsoft Visual Studio Solution File, Format Version 12.00
# Visual Studio 14
VisualStudioVersion = 14.0.24720.0
MinimumVisualStudioVersion = 10.0.40219.1
Project("{8BB2217D-0F2D-49D1-97BC-3654ED321F3B}") = "iUS.WebApi.Hal.Web", "src\WebApi.Hal.Web\iUS.WebApi.Hal.Web.xproj", "{C29236B5-EEAF-4832-8277-86147FE83524}"
EndProject
Project("{8BB2217D-0F2D-49D1-97BC-3654ED321F3B}") = "iUS.WebApi.Hal.Tests", "tests\WebApi.Hal.Tests\iUS.WebApi.Hal.Tests.xproj", "{4D20A2F5-FA59-437D-9321-FE193517588A}"
EndProject
Project("{8BB2217D-0F2D-49D1-97BC-3654ED321F3B}") = "iUS.WebApi.Hal", "src\iUS.WebApi.Hal\iUS.WebApi.Hal.xproj", "{EF2B472C-4CA0-4F3D-97CE-D230057083FF}"
EndProject
Global
	GlobalSection(SolutionConfigurationPlatforms) = preSolution
		Debug|Any CPU = Debug|Any CPU
		Release|Any CPU = Release|Any CPU
	EndGlobalSection
	GlobalSection(ProjectConfigurationPlatforms) = postSolution
		{C29236B5-EEAF-4832-8277-86147FE83524}.Debug|Any CPU.ActiveCfg = Debug|Any CPU
		{C29236B5-EEAF-4832-8277-86147FE83524}.Debug|Any CPU.Build.0 = Debug|Any CPU
		{C29236B5-EEAF-4832-8277-86147FE83524}.Release|Any CPU.ActiveCfg = Release|Any CPU
		{C29236B5-EEAF-4832-8277-86147FE83524}.Release|Any CPU.Build.0 = Release|Any CPU
		{4D20A2F5-FA59-437D-9321-FE193517588A}.Debug|Any CPU.ActiveCfg = Debug|Any CPU
		{4D20A2F5-FA59-437D-9321-FE193517588A}.Debug|Any CPU.Build.0 = Debug|Any CPU
		{4D20A2F5-FA59-437D-9321-FE193517588A}.Release|Any CPU.ActiveCfg = Release|Any CPU
		{4D20A2F5-FA59-437D-9321-FE193517588A}.Release|Any CPU.Build.0 = Release|Any CPU
		{EF2B472C-4CA0-4F3D-97CE-D230057083FF}.Debug|Any CPU.ActiveCfg = Debug|Any CPU
		{EF2B472C-4CA0-4F3D-97CE-D230057083FF}.Debug|Any CPU.Build.0 = Debug|Any CPU
		{EF2B472C-4CA0-4F3D-97CE-D230057083FF}.Release|Any CPU.ActiveCfg = Release|Any CPU
		{EF2B472C-4CA0-4F3D-97CE-D230057083FF}.Release|Any CPU.Build.0 = Release|Any CPU
	EndGlobalSection
	GlobalSection(SolutionProperties) = preSolution
		HideSolutionNode = FALSE
	EndGlobalSection
EndGlobal
